// !$*UTF8*$!
{
	archiveVersion = 1;
	classes = {
	};
	objectVersion = 56;
	objects = {

/* Begin PBXBuildFile section */
		055F3E5428EB0D0400E0CDEC /* EmojiFlagsApp.swift in Sources */ = {isa = PBXBuildFile; fileRef = 055F3E5328EB0D0400E0CDEC /* EmojiFlagsApp.swift */; };
		055F3E5628EB0D0400E0CDEC /* ContentView.swift in Sources */ = {isa = PBXBuildFile; fileRef = 055F3E5528EB0D0400E0CDEC /* ContentView.swift */; };
		055F3E5828EB0D0600E0CDEC /* Assets.xcassets in Resources */ = {isa = PBXBuildFile; fileRef = 055F3E5728EB0D0600E0CDEC /* Assets.xcassets */; };
		055F3E5B28EB0D0600E0CDEC /* Preview Assets.xcassets in Resources */ = {isa = PBXBuildFile; fileRef = 055F3E5A28EB0D0600E0CDEC /* Preview Assets.xcassets */; };
		055F3E6428EB115A00E0CDEC /* EmojiFlag.swift in Sources */ = {isa = PBXBuildFile; fileRef = 055F3E6328EB115A00E0CDEC /* EmojiFlag.swift */; };
		055F3E6A28EBB6D100E0CDEC /* ReadData.swift in Sources */ = {isa = PBXBuildFile; fileRef = 055F3E6928EBB6D100E0CDEC /* ReadData.swift */; };
/* End PBXBuildFile section */

/* Begin PBXFileReference section */
		055F3E5028EB0D0400E0CDEC /* EmojiFlags.app */ = {isa = PBXFileReference; explicitFileType = wrapper.application; includeInIndex = 0; path = EmojiFlags.app; sourceTree = BUILT_PRODUCTS_DIR; };
		055F3E5328EB0D0400E0CDEC /* EmojiFlagsApp.swift */ = {isa = PBXFileReference; lastKnownFileType = sourcecode.swift; path = EmojiFlagsApp.swift; sourceTree = "<group>"; };
		055F3E5528EB0D0400E0CDEC /* ContentView.swift */ = {isa = PBXFileReference; lastKnownFileType = sourcecode.swift; path = ContentView.swift; sourceTree = "<group>"; };
		055F3E5728EB0D0600E0CDEC /* Assets.xcassets */ = {isa = PBXFileReference; lastKnownFileType = folder.assetcatalog; path = Assets.xcassets; sourceTree = "<group>"; };
		055F3E5A28EB0D0600E0CDEC /* Preview Assets.xcassets */ = {isa = PBXFileReference; lastKnownFileType = folder.assetcatalog; path = "Preview Assets.xcassets"; sourceTree = "<group>"; };
		055F3E6328EB115A00E0CDEC /* EmojiFlag.swift */ = {isa = PBXFileReference; lastKnownFileType = sourcecode.swift; path = EmojiFlag.swift; sourceTree = "<group>"; };
		055F3E6928EBB6D100E0CDEC /* ReadData.swift */ = {isa = PBXFileReference; lastKnownFileType = sourcecode.swift; path = ReadData.swift; sourceTree = "<group>"; };
		055F3E6B28EBB8EC00E0CDEC /* Data.md */ = {isa = PBXFileReference; lastKnownFileType = net.daringfireball.markdown; path = Data.md; sourceTree = "<group>"; };
/* End PBXFileReference section */

/* Begin PBXFrameworksBuildPhase section */
		055F3E4D28EB0D0400E0CDEC /* Frameworks */ = {
			isa = PBXFrameworksBuildPhase;
			buildActionMask = 2147483647;
			files = (
			);
			runOnlyForDeploymentPostprocessing = 0;
		};
/* End PBXFrameworksBuildPhase section */

/* Begin PBXGroup section */
		055F3E4728EB0D0400E0CDEC = {
			isa = PBXGroup;
			children = (
				055F3E6B28EBB8EC00E0CDEC /* Data.md */,
				055F3E5228EB0D0400E0CDEC /* EmojiFlags */,
				055F3E5128EB0D0400E0CDEC /* Products */,
			);
			sourceTree = "<group>";
		};
		055F3E5128EB0D0400E0CDEC /* Products */ = {
			isa = PBXGroup;
			children = (
				055F3E5028EB0D0400E0CDEC /* EmojiFlags.app */,
			);
			name = Products;
			sourceTree = "<group>";
		};
		055F3E5228EB0D0400E0CDEC /* EmojiFlags */ = {
			isa = PBXGroup;
			children = (
				055F3E5328EB0D0400E0CDEC /* EmojiFlagsApp.swift */,
				055F3E5528EB0D0400E0CDEC /* ContentView.swift */,
				055F3E6328EB115A00E0CDEC /* EmojiFlag.swift */,
				055F3E5728EB0D0600E0CDEC /* Assets.xcassets */,
				055F3E5928EB0D0600E0CDEC /* Preview Content */,
				055F3E6928EBB6D100E0CDEC /* ReadData.swift */,
			);
			path = EmojiFlags;
			sourceTree = "<group>";
		};
		055F3E5928EB0D0600E0CDEC /* Preview Content */ = {
			isa = PBXGroup;
			children = (
				055F3E5A28EB0D0600E0CDEC /* Preview Assets.xcassets */,
			);
			path = "Preview Content";
			sourceTree = "<group>";
		};
/* End PBXGroup section */

/* Begin PBXNativeTarget section */
		055F3E4F28EB0D0400E0CDEC /* EmojiFlags */ = {
			isa = PBXNativeTarget;
			buildConfigurationList = 055F3E5E28EB0D0600E0CDEC /* Build configuration list for PBXNativeTarget "EmojiFlags" */;
			buildPhases = (
				055F3E4C28EB0D0400E0CDEC /* Sources */,
				055F3E4D28EB0D0400E0CDEC /* Frameworks */,
				055F3E4E28EB0D0400E0CDEC /* Resources */,
			);
			buildRules = (
			);
			dependencies = (
			);
			name = EmojiFlags;
			productName = EmojiFlags;
			productReference = 055F3E5028EB0D0400E0CDEC /* EmojiFlags.app */;
			productType = "com.apple.product-type.application";
		};
/* End PBXNativeTarget section */

/* Begin PBXProject section */
		055F3E4828EB0D0400E0CDEC /* Project object */ = {
			isa = PBXProject;
			attributes = {
				BuildIndependentTargetsInParallel = 1;
				LastSwiftUpdateCheck = 1400;
				LastUpgradeCheck = 1400;
				TargetAttributes = {
					055F3E4F28EB0D0400E0CDEC = {
						CreatedOnToolsVersion = 14.0.1;
					};
				};
			};
			buildConfigurationList = 055F3E4B28EB0D0400E0CDEC /* Build configuration list for PBXProject "EmojiFlags" */;
			compatibilityVersion = "Xcode 14.0";
			developmentRegion = en;
			hasScannedForEncodings = 0;
			knownRegions = (
				en,
				Base,
			);
			mainGroup = 055F3E4728EB0D0400E0CDEC;
			productRefGroup = 055F3E5128EB0D0400E0CDEC /* Products */;
			projectDirPath = "";
			projectRoot = "";
			targets = (
				055F3E4F28EB0D0400E0CDEC /* EmojiFlags */,
			);
		};
/* End PBXProject section */

/* Begin PBXResourcesBuildPhase section */
		055F3E4E28EB0D0400E0CDEC /* Resources */ = {
			isa = PBXResourcesBuildPhase;
			buildActionMask = 2147483647;
			files = (
				055F3E5B28EB0D0600E0CDEC /* Preview Assets.xcassets in Resources */,
				055F3E5828EB0D0600E0CDEC /* Assets.xcassets in Resources */,
			);
			runOnlyForDeploymentPostprocessing = 0;
		};
/* End PBXResourcesBuildPhase section */

/* Begin PBXSourcesBuildPhase section */
		055F3E4C28EB0D0400E0CDEC /* Sources */ = {
			isa = PBXSourcesBuildPhase;
			buildActionMask = 2147483647;
			files = (
				055F3E5628EB0D0400E0CDEC /* ContentView.swift in Sources */,
				055F3E6428EB115A00E0CDEC /* EmojiFlag.swift in Sources */,
				055F3E5428EB0D0400E0CDEC /* EmojiFlagsApp.swift in Sources */,
				055F3E6A28EBB6D100E0CDEC /* ReadData.swift in Sources */,
			);
			runOnlyForDeploymentPostprocessing = 0;
		};
/* End PBXSourcesBuildPhase section */

/* Begin XCBuildConfiguration section */
		055F3E5C28EB0D0600E0CDEC /* Debug */ = {
			isa = XCBuildConfiguration;
			buildSettings = {
				ALWAYS_SEARCH_USER_PATHS = NO;
				CLANG_ANALYZER_NONNULL = YES;
				CLANG_ANALYZER_NUMBER_OBJECT_CONVERSION = YES_AGGRESSIVE;
				CLANG_CXX_LANGUAGE_STANDARD = "gnu++20";
				CLANG_ENABLE_MODULES = YES;
				CLANG_ENABLE_OBJC_ARC = YES;
				CLANG_ENABLE_OBJC_WEAK = YES;
				CLANG_WARN_BLOCK_CAPTURE_AUTORELEASING = YES;
				CLANG_WARN_BOOL_CONVERSION = YES;
				CLANG_WARN_COMMA = YES;
				CLANG_WARN_CONSTANT_CONVERSION = YES;
				CLANG_WARN_DEPRECATED_OBJC_IMPLEMENTATIONS = YES;
				CLANG_WARN_DIRECT_OBJC_ISA_USAGE = YES_ERROR;
				CLANG_WARN_DOCUMENTATION_COMMENTS = YES;
				CLANG_WARN_EMPTY_BODY = YES;
				CLANG_WARN_ENUM_CONVERSION = YES;
				CLANG_WARN_INFINITE_RECURSION = YES;
				CLANG_WARN_INT_CONVERSION = YES;
				CLANG_WARN_NON_LITERAL_NULL_CONVERSION = YES;
				CLANG_WARN_OBJC_IMPLICIT_RETAIN_SELF = YES;
				CLANG_WARN_OBJC_LITERAL_CONVERSION = YES;
				CLANG_WARN_OBJC_ROOT_CLASS = YES_ERROR;
				CLANG_WARN_QUOTED_INCLUDE_IN_FRAMEWORK_HEADER = YES;
				CLANG_WARN_RANGE_LOOP_ANALYSIS = YES;
				CLANG_WARN_STRICT_PROTOTYPES = YES;
				CLANG_WARN_SUSPICIOUS_MOVE = YES;
				CLANG_WARN_UNGUARDED_AVAILABILITY = YES_AGGRESSIVE;
				CLANG_WARN_UNREACHABLE_CODE = YES;
				CLANG_WARN__DUPLICATE_METHOD_MATCH = YES;
				COPY_PHASE_STRIP = NO;
				DEBUG_INFORMATION_FORMAT = dwarf;
				ENABLE_STRICT_OBJC_MSGSEND = YES;
				ENABLE_TESTABILITY = YES;
				GCC_C_LANGUAGE_STANDARD = gnu11;
				GCC_DYNAMIC_NO_PIC = NO;
				GCC_NO_COMMON_BLOCKS = YES;
				GCC_OPTIMIZATION_LEVEL = 0;
				GCC_PREPROCESSOR_DEFINITIONS = (
					"DEBUG=1",
					"$(inherited)",
				);
				GCC_WARN_64_TO_32_BIT_CONVERSION = YES;
				GCC_WARN_ABOUT_RETURN_TYPE = YES_ERROR;
				GCC_WARN_UNDECLARED_SELECTOR = YES;
				GCC_WARN_UNINITIALIZED_AUTOS = YES_AGGRESSIVE;
				GCC_WARN_UNUSED_FUNCTION = YES;
				GCC_WARN_UNUSED_VARIABLE = YES;
				IPHONEOS_DEPLOYMENT_TARGET = 16.0;
				MTL_ENABLE_DEBUG_INFO = INCLUDE_SOURCE;
				MTL_FAST_MATH = YES;
				ONLY_ACTIVE_ARCH = YES;
				SDKROOT = iphoneos;
				SWIFT_ACTIVE_COMPILATION_CONDITIONS = DEBUG;
				SWIFT_OPTIMIZATION_LEVEL = "-Onone";
			};
			name = Debug;
		};
		055F3E5D28EB0D0600E0CDEC /* Release */ = {
			isa = XCBuildConfiguration;
			buildSettings = {
				ALWAYS_SEARCH_USER_PATHS = NO;
				CLANG_ANALYZER_NONNULL = YES;
				CLANG_ANALYZER_NUMBER_OBJECT_CONVERSION = YES_AGGRESSIVE;
				CLANG_CXX_LANGUAGE_STANDARD = "gnu++20";
				CLANG_ENABLE_MODULES = YES;
				CLANG_ENABLE_OBJC_ARC = YES;
				CLANG_ENABLE_OBJC_WEAK = YES;
				CLANG_WARN_BLOCK_CAPTURE_AUTORELEASING = YES;
				CLANG_WARN_BOOL_CONVERSION = YES;
				CLANG_WARN_COMMA = YES;
				CLANG_WARN_CONSTANT_CONVERSION = YES;
				CLANG_WARN_DEPRECATED_OBJC_IMPLEMENTATIONS = YES;
				CLANG_WARN_DIRECT_OBJC_ISA_USAGE = YES_ERROR;
				CLANG_WARN_DOCUMENTATION_COMMENTS = YES;
				CLANG_WARN_EMPTY_BODY = YES;
				CLANG_WARN_ENUM_CONVERSION = YES;
				CLANG_WARN_INFINITE_RECURSION = YES;
				CLANG_WARN_INT_CONVERSION = YES;
				CLANG_WARN_NON_LITERAL_NULL_CONVERSION = YES;
				CLANG_WARN_OBJC_IMPLICIT_RETAIN_SELF = YES;
				CLANG_WARN_OBJC_LITERAL_CONVERSION = YES;
				CLANG_WARN_OBJC_ROOT_CLASS = YES_ERROR;
				CLANG_WARN_QUOTED_INCLUDE_IN_FRAMEWORK_HEADER = YES;
				CLANG_WARN_RANGE_LOOP_ANALYSIS = YES;
				CLANG_WARN_STRICT_PROTOTYPES = YES;
				CLANG_WARN_SUSPICIOUS_MOVE = YES;
				CLANG_WARN_UNGUARDED_AVAILABILITY = YES_AGGRESSIVE;
				CLANG_WARN_UNREACHABLE_CODE = YES;
				CLANG_WARN__DUPLICATE_METHOD_MATCH = YES;
				COPY_PHASE_STRIP = NO;
				DEBUG_INFORMATION_FORMAT = "dwarf-with-dsym";
				ENABLE_NS_ASSERTIONS = NO;
				ENABLE_STRICT_OBJC_MSGSEND = YES;
				GCC_C_LANGUAGE_STANDARD = gnu11;
				GCC_NO_COMMON_BLOCKS = YES;
				GCC_WARN_64_TO_32_BIT_CONVERSION = YES;
				GCC_WARN_ABOUT_RETURN_TYPE = YES_ERROR;
				GCC_WARN_UNDECLARED_SELECTOR = YES;
				GCC_WARN_UNINITIALIZED_AUTOS = YES_AGGRESSIVE;
				GCC_WARN_UNUSED_FUNCTION = YES;
				GCC_WARN_UNUSED_VARIABLE = YES;
				IPHONEOS_DEPLOYMENT_TARGET = 16.0;
				MTL_ENABLE_DEBUG_INFO = NO;
				MTL_FAST_MATH = YES;
				SDKROOT = iphoneos;
				SWIFT_COMPILATION_MODE = wholemodule;
				SWIFT_OPTIMIZATION_LEVEL = "-O";
				VALIDATE_PRODUCT = YES;
			};
			name = Release;
		};
		055F3E5F28EB0D0600E0CDEC /* Debug */ = {
			isa = XCBuildConfiguration;
			buildSettings = {
				ASSETCATALOG_COMPILER_APPICON_NAME = AppIcon;
				ASSETCATALOG_COMPILER_GLOBAL_ACCENT_COLOR_NAME = AccentColor;
				CODE_SIGN_STYLE = Automatic;
				CURRENT_PROJECT_VERSION = 1;
				DEVELOPMENT_ASSET_PATHS = "\"EmojiFlags/Preview Content\"";
				DEVELOPMENT_TEAM = L9ZC5CGFF7;
				ENABLE_PREVIEWS = YES;
				GENERATE_INFOPLIST_FILE = YES;
				INFOPLIST_KEY_UIApplicationSceneManifest_Generation = YES;
				INFOPLIST_KEY_UIApplicationSupportsIndirectInputEvents = YES;
				INFOPLIST_KEY_UILaunchScreen_Generation = YES;
				INFOPLIST_KEY_UISupportedInterfaceOrientations_iPad = "UIInterfaceOrientationPortrait UIInterfaceOrientationPortraitUpsideDown UIInterfaceOrientationLandscapeLeft UIInterfaceOrientationLandscapeRight";
				INFOPLIST_KEY_UISupportedInterfaceOrientations_iPhone = "UIInterfaceOrientationPortrait UIInterfaceOrientationLandscapeLeft UIInterfaceOrientationLandscapeRight";
				LD_RUNPATH_SEARCH_PATHS = (
					"$(inherited)",
					"@executable_path/Frameworks",
				);
				MARKETING_VERSION = 1.0;
				PRODUCT_BUNDLE_IDENTIFIER = edu.curtin.comp2010.jinwookim.EmojiFlags;
				PRODUCT_NAME = "$(TARGET_NAME)";
				SWIFT_EMIT_LOC_STRINGS = YES;
				SWIFT_VERSION = 5.0;
				TARGETED_DEVICE_FAMILY = "1,2";
			};
			name = Debug;
		};
		055F3E6028EB0D0600E0CDEC /* Release */ = {
			isa = XCBuildConfiguration;
			buildSettings = {
				ASSETCATALOG_COMPILER_APPICON_NAME = AppIcon;
				ASSETCATALOG_COMPILER_GLOBAL_ACCENT_COLOR_NAME = AccentColor;
				CODE_SIGN_STYLE = Automatic;
				CURRENT_PROJECT_VERSION = 1;
				DEVELOPMENT_ASSET_PATHS = "\"EmojiFlags/Preview Content\"";
				DEVELOPMENT_TEAM = L9ZC5CGFF7;
				ENABLE_PREVIEWS = YES;
				GENERATE_INFOPLIST_FILE = YES;
				INFOPLIST_KEY_UIApplicationSceneManifest_Generation = YES;
				INFOPLIST_KEY_UIApplicationSupportsIndirectInputEvents = YES;
				INFOPLIST_KEY_UILaunchScreen_Generation = YES;
				INFOPLIST_KEY_UISupportedInterfaceOrientations_iPad = "UIInterfaceOrientationPortrait UIInterfaceOrientationPortraitUpsideDown UIInterfaceOrientationLandscapeLeft UIInterfaceOrientationLandscapeRight";
				INFOPLIST_KEY_UISupportedInterfaceOrientations_iPhone = "UIInterfaceOrientationPortrait UIInterfaceOrientationLandscapeLeft UIInterfaceOrientationLandscapeRight";
				LD_RUNPATH_SEARCH_PATHS = (
					"$(inherited)",
					"@executable_path/Frameworks",
				);
				MARKETING_VERSION = 1.0;
				PRODUCT_BUNDLE_IDENTIFIER = edu.curtin.comp2010.jinwookim.EmojiFlags;
				PRODUCT_NAME = "$(TARGET_NAME)";
				SWIFT_EMIT_LOC_STRINGS = YES;
				SWIFT_VERSION = 5.0;
				TARGETED_DEVICE_FAMILY = "1,2";
			};
			name = Release;
		};
/* End XCBuildConfiguration section */

/* Begin XCConfigurationList section */
		055F3E4B28EB0D0400E0CDEC /* Build configuration list for PBXProject "EmojiFlags" */ = {
			isa = XCConfigurationList;
			buildConfigurations = (
				055F3E5C28EB0D0600E0CDEC /* Debug */,
				055F3E5D28EB0D0600E0CDEC /* Release */,
			);
			defaultConfigurationIsVisible = 0;
			defaultConfigurationName = Release;
		};
		055F3E5E28EB0D0600E0CDEC /* Build configuration list for PBXNativeTarget "EmojiFlags" */ = {
			isa = XCConfigurationList;
			buildConfigurations = (
				055F3E5F28EB0D0600E0CDEC /* Debug */,
				055F3E6028EB0D0600E0CDEC /* Release */,
			);
			defaultConfigurationIsVisible = 0;
			defaultConfigurationName = Release;
		};
/* End XCConfigurationList section */
	};
	rootObject = 055F3E4828EB0D0400E0CDEC /* Project object */;
}
